{
  "name": "@accingneff7a001/similique-non-aut",
  "version": "1.0.0",
  "lockfileVersion": 3,
  "requires": true,
  "packages": {
    "": {
      "name": "@accingneff7a001/similique-non-aut",
      "version": "1.0.0",
      "license": "MIT",
      "dependencies": {
        "@accingneff7a001/iusto-voluptatem-minus": "^1.0.0",
        "@accingneff7a001/maiores-fugit-nobis": "^1.0.0",
        "@accingneff7a001/natus-ipsum-maiores": "^1.0.0",
        "@accingneff7a001/officiis-error-tempora": "^1.0.0",
        "@accingneff7a001/quo-ut-nobis": "^1.0.0",
        "@accingneff7a001/rerum-ut-laboriosam": "^1.0.0"
      }
    },
    "node_modules/@accingneff7a001/iusto-voluptatem-minus": {
      "version": "1.0.0",
      "resolved": "https://registry.npmjs.org/@accingneff7a001/iusto-voluptatem-minus/-/iusto-voluptatem-minus-1.0.0.tgz",
      "integrity": "sha512-68vlKdoDcBSuzaTvOew8lycZkZuOGVxlVl5SXFW/qB78X9fTuepF8SXWg5T6v0Qevytm2HVvxRd0Jb+1fwIeBA==",
      "dependencies": {
        "@accingneff7a001/natus-ipsum-maiores": "^1.0.0",
        "@accingneff7a001/officiis-error-tempora": "^1.0.0",
        "@accingneff7a001/quo-ut-nobis": "^1.0.0",
        "@accingneff7a001/rerum-ut-laboriosam": "^1.0.0"
      }
    },
    "node_modules/@accingneff7a001/maiores-fugit-nobis": {
      "version": "1.0.0",
      "resolved": "https://registry.npmjs.org/@accingneff7a001/maiores-fugit-nobis/-/maiores-fugit-nobis-1.0.0.tgz",
      "integrity": "sha512-dj/xuQR0u85Uk+Mtk7y9AXk8sne1c0dc8OG8pUJwm3sMfetdFo1/PxAG4vDYL4zJMVPJkwB3wwt22Oj6enVO6w==",
      "dependencies": {
        "@accingneff7a001/iusto-voluptatem-minus": "^1.0.0",
        "@accingneff7a001/natus-ipsum-maiores": "^1.0.0",
        "@accingneff7a001/officiis-error-tempora": "^1.0.0",
        "@accingneff7a001/quo-ut-nobis": "^1.0.0",
        "@accingneff7a001/rerum-ut-laboriosam": "^1.0.0"
      }
    },
    "node_modules/@accingneff7a001/natus-ipsum-maiores": {
      "version": "1.0.0",
      "resolved": "https://registry.npmjs.org/@accingneff7a001/natus-ipsum-maiores/-/natus-ipsum-maiores-1.0.0.tgz",
      "integrity": "sha512-MYCPO8HLrYSipaILlEqptZNmoRMk0OiKBj8Z823PQViHdb9BiQdocmBNjJ9krRbeBG7ul0L4O1rffDcRB+kdyQ=="
    },
    "node_modules/@accingneff7a001/officiis-error-tempora": {
      "version": "1.0.0",
      "resolved": "https://registry.npmjs.org/@accingneff7a001/officiis-error-tempora/-/officiis-error-tempora-1.0.0.tgz",
      "integrity": "sha512-wOZtlpVrrU82Rcc43jEp65+PBxSCeAqn5MkNPoYXkE5gScldaXShkPDzmIsVfgqc+MhtRUC7yjc4OqaJpvzXSg==",
      "dependencies": {
        "@accingneff7a001/natus-ipsum-maiores": "^1.0.0",
        "@accingneff7a001/quo-ut-nobis": "^1.0.0",
        "@accingneff7a001/rerum-ut-laboriosam": "^1.0.0"
      }
    },
    "node_modules/@accingneff7a001/quo-ut-nobis": {
      "version": "1.0.0",
      "resolved": "https://registry.npmjs.org/@accingneff7a001/quo-ut-nobis/-/quo-ut-nobis-1.0.0.tgz",
      "integrity": "sha512-EXRVTwOL3bF8woi2PsjbuDdcHFM/RF4+RG25PHtoeQ0Hr1mJ3AcrY/XBYMVbdho9bDqJZoGKaP1TV3Wwb/IKnw==",
      "dependencies": {
        "@accingneff7a001/natus-ipsum-maiores": "^1.0.0"
      }
    },
    "node_modules/@accingneff7a001/rerum-ut-laboriosam": {
      "version": "1.0.0",
      "resolved": "https://registry.npmjs.org/@accingneff7a001/rerum-ut-laboriosam/-/rerum-ut-laboriosam-1.0.0.tgz",
      "integrity": "sha512-jQ8W0qeKNOep3kLzTXcIghUGh03dVwq4fEp8Xnx1IAK/IILZwjBRGwz9NpeBlWmodF55ZSq2G5udk6+QMMXgcA==",
      "dependencies": {
        "@accingneff7a001/natus-ipsum-maiores": "^1.0.0",
        "@accingneff7a001/quo-ut-nobis": "^1.0.0"
      }
    }
  }
}
